
Microsoft Visual Studio Solution File, Format Version 12.00
# Visual Studio Version 17
VisualStudioVersion = 17.0.31903.59
MinimumVisualStudioVersion = 10.0.40219.1
Project("{F2A71F9B-5D33-465A-A702-920D77279786}") = "AOC2023D1", "AOC2023D1\AOC2023D1.fsproj", "{D3FBEB6C-4FF0-4DF6-AA46-80C73E16F8A9}"
EndProject
Project("{F2A71F9B-5D33-465A-A702-920D77279786}") = "AOC2023D2", "AOC2023D2\AOC2023D2.fsproj", "{293A62DF-70F6-4FD1-B2C8-FE90E6ADC807}"
EndProject
Project("{F2A71F9B-5D33-465A-A702-920D77279786}") = "AOC2023D3", "AOC2023D3\AOC2023D3.fsproj", "{5D5D8E35-A45C-4175-AAE2-D6C49508E6BE}"
EndProject
Global
	GlobalSection(SolutionConfigurationPlatforms) = preSolution
		Debug|Any CPU = Debug|Any CPU
		Release|Any CPU = Release|Any CPU
	EndGlobalSection
	GlobalSection(SolutionProperties) = preSolution
		HideSolutionNode = FALSE
	EndGlobalSection
	GlobalSection(ProjectConfigurationPlatforms) = postSolution
		{D3FBEB6C-4FF0-4DF6-AA46-80C73E16F8A9}.Debug|Any CPU.ActiveCfg = Debug|Any CPU
		{D3FBEB6C-4FF0-4DF6-AA46-80C73E16F8A9}.Debug|Any CPU.Build.0 = Debug|Any CPU
		{D3FBEB6C-4FF0-4DF6-AA46-80C73E16F8A9}.Release|Any CPU.ActiveCfg = Release|Any CPU
		{D3FBEB6C-4FF0-4DF6-AA46-80C73E16F8A9}.Release|Any CPU.Build.0 = Release|Any CPU
		{293A62DF-70F6-4FD1-B2C8-FE90E6ADC807}.Debug|Any CPU.ActiveCfg = Debug|Any CPU
		{293A62DF-70F6-4FD1-B2C8-FE90E6ADC807}.Debug|Any CPU.Build.0 = Debug|Any CPU
		{293A62DF-70F6-4FD1-B2C8-FE90E6ADC807}.Release|Any CPU.ActiveCfg = Release|Any CPU
		{293A62DF-70F6-4FD1-B2C8-FE90E6ADC807}.Release|Any CPU.Build.0 = Release|Any CPU
		{5D5D8E35-A45C-4175-AAE2-D6C49508E6BE}.Debug|Any CPU.ActiveCfg = Debug|Any CPU
		{5D5D8E35-A45C-4175-AAE2-D6C49508E6BE}.Debug|Any CPU.Build.0 = Debug|Any CPU
		{5D5D8E35-A45C-4175-AAE2-D6C49508E6BE}.Release|Any CPU.ActiveCfg = Release|Any CPU
		{5D5D8E35-A45C-4175-AAE2-D6C49508E6BE}.Release|Any CPU.Build.0 = Release|Any CPU
	EndGlobalSection
EndGlobal
